
Microsoft Visual Studio Solution File, Format Version 12.00
# Visual Studio 15
VisualStudioVersion = 15.0.28307.1500
MinimumVisualStudioVersion = 10.0.40219.1
Project("{FAE04EC0-301F-11D3-BF4B-00C04F79EFBC}") = "TECounter", "TECounter\TECounter.csproj", "{A40C5152-9F2E-4F73-BF46-D81FEA210806}"
EndProject
Global
	GlobalSection(SolutionConfigurationPlatforms) = preSolution
		Debug|Any CPU = Debug|Any CPU
		Release|Any CPU = Release|Any CPU
	EndGlobalSection
	GlobalSection(ProjectConfigurationPlatforms) = postSolution
		{A40C5152-9F2E-4F73-BF46-D81FEA210806}.Debug|Any CPU.ActiveCfg = Debug|Any CPU
		{A40C5152-9F2E-4F73-BF46-D81FEA210806}.Debug|Any CPU.Build.0 = Debug|Any CPU
		{A40C5152-9F2E-4F73-BF46-D81FEA210806}.Release|Any CPU.ActiveCfg = Release|Any CPU
		{A40C5152-9F2E-4F73-BF46-D81FEA210806}.Release|Any CPU.Build.0 = Release|Any CPU
	EndGlobalSection
	GlobalSection(SolutionProperties) = preSolution
		HideSolutionNode = FALSE
	EndGlobalSection
	GlobalSection(ExtensibilityGlobals) = postSolution
		SolutionGuid = {BCAF7DB0-B068-4681-9345-FDD24F2FA9C5}
	EndGlobalSection
EndGlobal
